// !$*UTF8*$!
{
	archiveVersion = 1;
	classes = {
	};
	objectVersion = 46;
	objects = {

/* Begin PBXBuildFile section */
		92E5DB561D38450F00DB3E4E /* AppDelegate.swift in Sources */ = {isa = PBXBuildFile; fileRef = 92E5DB551D38450F00DB3E4E /* AppDelegate.swift */; };
		92E5DB581D38450F00DB3E4E /* ViewController.swift in Sources */ = {isa = PBXBuildFile; fileRef = 92E5DB571D38450F00DB3E4E /* ViewController.swift */; };
		92E5DB5B1D38450F00DB3E4E /* Main.storyboard in Resources */ = {isa = PBXBuildFile; fileRef = 92E5DB591D38450F00DB3E4E /* Main.storyboard */; };
		92E5DB5D1D38450F00DB3E4E /* Assets.xcassets in Resources */ = {isa = PBXBuildFile; fileRef = 92E5DB5C1D38450F00DB3E4E /* Assets.xcassets */; };
		92E5DB601D38450F00DB3E4E /* LaunchScreen.storyboard in Resources */ = {isa = PBXBuildFile; fileRef = 92E5DB5E1D38450F00DB3E4E /* LaunchScreen.storyboard */; };
/* End PBXBuildFile section */

/* Begin PBXFileReference section */
		92E5DB521D38450F00DB3E4E /* oop-exercise.app */ = {isa = PBXFileReference; explicitFileType = wrapper.application; includeInIndex = 0; path = "oop-exercise.app"; sourceTree = BUILT_PRODUCTS_DIR; };
		92E5DB551D38450F00DB3E4E /* AppDelegate.swift */ = {isa = PBXFileReference; lastKnownFileType = sourcecode.swift; path = AppDelegate.swift; sourceTree = "<group>"; };
		92E5DB571D38450F00DB3E4E /* ViewController.swift */ = {isa = PBXFileReference; lastKnownFileType = sourcecode.swift; path = ViewController.swift; sourceTree = "<group>"; };
		92E5DB5A1D38450F00DB3E4E /* Base */ = {isa = PBXFileReference; lastKnownFileType = file.storyboard; name = Base; path = Base.lproj/Main.storyboard; sourceTree = "<group>"; };
		92E5DB5C1D38450F00DB3E4E /* Assets.xcassets */ = {isa = PBXFileReference; lastKnownFileType = folder.assetcatalog; path = Assets.xcassets; sourceTree = "<group>"; };
		92E5DB5F1D38450F00DB3E4E /* Base */ = {isa = PBXFileReference; lastKnownFileType = file.storyboard; name = Base; path = Base.lproj/LaunchScreen.storyboard; sourceTree = "<group>"; };
		92E5DB611D38450F00DB3E4E /* Info.plist */ = {isa = PBXFileReference; lastKnownFileType = text.plist.xml; path = Info.plist; sourceTree = "<group>"; };
/* End PBXFileReference section */

/* Begin PBXFrameworksBuildPhase section */
		92E5DB4F1D38450F00DB3E4E /* Frameworks */ = {
			isa = PBXFrameworksBuildPhase;
			buildActionMask = 2147483647;
			files = (
			);
			runOnlyForDeploymentPostprocessing = 0;
		};
/* End PBXFrameworksBuildPhase section */

/* Begin PBXGroup section */
		92E5DB491D38450F00DB3E4E = {
			isa = PBXGroup;
			children = (
				92E5DB541D38450F00DB3E4E /* oop-exercise */,
				92E5DB531D38450F00DB3E4E /* Products */,
			);
			sourceTree = "<group>";
		};
		92E5DB531D38450F00DB3E4E /* Products */ = {
			isa = PBXGroup;
			children = (
				92E5DB521D38450F00DB3E4E /* oop-exercise.app */,
			);
			name = Products;
			sourceTree = "<group>";
		};
		92E5DB541D38450F00DB3E4E /* oop-exercise */ = {
			isa = PBXGroup;
			children = (
				92E5DB551D38450F00DB3E4E /* AppDelegate.swift */,
				92E5DB571D38450F00DB3E4E /* ViewController.swift */,
				92E5DB591D38450F00DB3E4E /* Main.storyboard */,
				92E5DB5C1D38450F00DB3E4E /* Assets.xcassets */,
				92E5DB5E1D38450F00DB3E4E /* LaunchScreen.storyboard */,
				92E5DB611D38450F00DB3E4E /* Info.plist */,
			);
			path = "oop-exercise";
			sourceTree = "<group>";
		};
/* End PBXGroup section */

/* Begin PBXNativeTarget section */
		92E5DB511D38450F00DB3E4E /* oop-exercise */ = {
			isa = PBXNativeTarget;
			buildConfigurationList = 92E5DB641D38450F00DB3E4E /* Build configuration list for PBXNativeTarget "oop-exercise" */;
			buildPhases = (
				92E5DB4E1D38450F00DB3E4E /* Sources */,
				92E5DB4F1D38450F00DB3E4E /* Frameworks */,
				92E5DB501D38450F00DB3E4E /* Resources */,
			);
			buildRules = (
			);
			dependencies = (
			);
			name = "oop-exercise";
			productName = "oop-exercise";
			productReference = 92E5DB521D38450F00DB3E4E /* oop-exercise.app */;
			productType = "com.apple.product-type.application";
		};
/* End PBXNativeTarget section */

/* Begin PBXProject section */
		92E5DB4A1D38450F00DB3E4E /* Project object */ = {
			isa = PBXProject;
			attributes = {
				LastSwiftUpdateCheck = 0730;
				LastUpgradeCheck = 0730;
				ORGANIZATIONNAME = "Anthony Whitaker";
				TargetAttributes = {
					92E5DB511D38450F00DB3E4E = {
						CreatedOnToolsVersion = 7.3.1;
						DevelopmentTeam = VL7RZNELL8;
					};
				};
			};
			buildConfigurationList = 92E5DB4D1D38450F00DB3E4E /* Build configuration list for PBXProject "oop-exercise" */;
			compatibilityVersion = "Xcode 3.2";
			developmentRegion = English;
			hasScannedForEncodings = 0;
			knownRegions = (
				en,
				Base,
			);
			mainGroup = 92E5DB491D38450F00DB3E4E;
			productRefGroup = 92E5DB531D38450F00DB3E4E /* Products */;
			projectDirPath = "";
			projectRoot = "";
			targets = (
				92E5DB511D38450F00DB3E4E /* oop-exercise */,
			);
		};
/* End PBXProject section */

/* Begin PBXResourcesBuildPhase section */
		92E5DB501D38450F00DB3E4E /* Resources */ = {
			isa = PBXResourcesBuildPhase;
			buildActionMask = 2147483647;
			files = (
				92E5DB601D38450F00DB3E4E /* LaunchScreen.storyboard in Resources */,
				92E5DB5D1D38450F00DB3E4E /* Assets.xcassets in Resources */,
				92E5DB5B1D38450F00DB3E4E /* Main.storyboard in Resources */,
			);
			runOnlyForDeploymentPostprocessing = 0;
		};
/* End PBXResourcesBuildPhase section */

/* Begin PBXSourcesBuildPhase section */
		92E5DB4E1D38450F00DB3E4E /* Sources */ = {
			isa = PBXSourcesBuildPhase;
			buildActionMask = 2147483647;
			files = (
				92E5DB581D38450F00DB3E4E /* ViewController.swift in Sources */,
				92E5DB561D38450F00DB3E4E /* AppDelegate.swift in Sources */,
			);
			runOnlyForDeploymentPostprocessing = 0;
		};
/* End PBXSourcesBuildPhase section */

/* Begin PBXVariantGroup section */
		92E5DB591D38450F00DB3E4E /* Main.storyboard */ = {
			isa = PBXVariantGroup;
			children = (
				92E5DB5A1D38450F00DB3E4E /* Base */,
			);
			name = Main.storyboard;
			sourceTree = "<group>";
		};
		92E5DB5E1D38450F00DB3E4E /* LaunchScreen.storyboard */ = {
			isa = PBXVariantGroup;
			children = (
				92E5DB5F1D38450F00DB3E4E /* Base */,
			);
			name = LaunchScreen.storyboard;
			sourceTree = "<group>";
		};
/* End PBXVariantGroup section */

/* Begin XCBuildConfiguration section */
		92E5DB621D38450F00DB3E4E /* Debug */ = {
			isa = XCBuildConfiguration;
			buildSettings = {
				ALWAYS_SEARCH_USER_PATHS = NO;
				CLANG_ANALYZER_NONNULL = YES;
				CLANG_CXX_LANGUAGE_STANDARD = "gnu++0x";
				CLANG_CXX_LIBRARY = "libc++";
				CLANG_ENABLE_MODULES = YES;
				CLANG_ENABLE_OBJC_ARC = YES;
				CLANG_WARN_BOOL_CONVERSION = YES;
				CLANG_WARN_CONSTANT_CONVERSION = YES;
				CLANG_WARN_DIRECT_OBJC_ISA_USAGE = YES_ERROR;
				CLANG_WARN_EMPTY_BODY = YES;
				CLANG_WARN_ENUM_CONVERSION = YES;
				CLANG_WARN_INT_CONVERSION = YES;
				CLANG_WARN_OBJC_ROOT_CLASS = YES_ERROR;
				CLANG_WARN_UNREACHABLE_CODE = YES;
				CLANG_WARN__DUPLICATE_METHOD_MATCH = YES;
				"CODE_SIGN_IDENTITY[sdk=iphoneos*]" = "iPhone Developer";
				COPY_PHASE_STRIP = NO;
				DEBUG_INFORMATION_FORMAT = dwarf;
				ENABLE_STRICT_OBJC_MSGSEND = YES;
				ENABLE_TESTABILITY = YES;
				GCC_C_LANGUAGE_STANDARD = gnu99;
				GCC_DYNAMIC_NO_PIC = NO;
				GCC_NO_COMMON_BLOCKS = YES;
				GCC_OPTIMIZATION_LEVEL = 0;
				GCC_PREPROCESSOR_DEFINITIONS = (
					"DEBUG=1",
					"$(inherited)",
				);
				GCC_WARN_64_TO_32_BIT_CONVERSION = YES;
				GCC_WARN_ABOUT_RETURN_TYPE = YES_ERROR;
				GCC_WARN_UNDECLARED_SELECTOR = YES;
				GCC_WARN_UNINITIALIZED_AUTOS = YES_AGGRESSIVE;
				GCC_WARN_UNUSED_FUNCTION = YES;
				GCC_WARN_UNUSED_VARIABLE = YES;
				IPHONEOS_DEPLOYMENT_TARGET = 9.3;
				MTL_ENABLE_DEBUG_INFO = YES;
				ONLY_ACTIVE_ARCH = YES;
				SDKROOT = iphoneos;
				SWIFT_OPTIMIZATION_LEVEL = "-Onone";
				TARGETED_DEVICE_FAMILY = "1,2";
			};
			name = Debug;
		};
		92E5DB631D38450F00DB3E4E /* Release */ = {
			isa = XCBuildConfiguration;
			buildSettings = {
				ALWAYS_SEARCH_USER_PATHS = NO;
				CLANG_ANALYZER_NONNULL = YES;
				CLANG_CXX_LANGUAGE_STANDARD = "gnu++0x";
				CLANG_CXX_LIBRARY = "libc++";
				CLANG_ENABLE_MODULES = YES;
				CLANG_ENABLE_OBJC_ARC = YES;
				CLANG_WARN_BOOL_CONVERSION = YES;
				CLANG_WARN_CONSTANT_CONVERSION = YES;
				CLANG_WARN_DIRECT_OBJC_ISA_USAGE = YES_ERROR;
				CLANG_WARN_EMPTY_BODY = YES;
				CLANG_WARN_ENUM_CONVERSION = YES;
				CLANG_WARN_INT_CONVERSION = YES;
				CLANG_WARN_OBJC_ROOT_CLASS = YES_ERROR;
				CLANG_WARN_UNREACHABLE_CODE = YES;
				CLANG_WARN__DUPLICATE_METHOD_MATCH = YES;
				"CODE_SIGN_IDENTITY[sdk=iphoneos*]" = "iPhone Developer";
				COPY_PHASE_STRIP = NO;
				DEBUG_INFORMATION_FORMAT = "dwarf-with-dsym";
				ENABLE_NS_ASSERTIONS = NO;
				ENABLE_STRICT_OBJC_MSGSEND = YES;
				GCC_C_LANGUAGE_STANDARD = gnu99;
				GCC_NO_COMMON_BLOCKS = YES;
				GCC_WARN_64_TO_32_BIT_CONVERSION = YES;
				GCC_WARN_ABOUT_RETURN_TYPE = YES_ERROR;
				GCC_WARN_UNDECLARED_SELECTOR = YES;
				GCC_WARN_UNINITIALIZED_AUTOS = YES_AGGRESSIVE;
				GCC_WARN_UNUSED_FUNCTION = YES;
				GCC_WARN_UNUSED_VARIABLE = YES;
				IPHONEOS_DEPLOYMENT_TARGET = 9.3;
				MTL_ENABLE_DEBUG_INFO = NO;
				SDKROOT = iphoneos;
				TARGETED_DEVICE_FAMILY = "1,2";
				VALIDATE_PRODUCT = YES;
			};
			name = Release;
		};
		92E5DB651D38450F00DB3E4E /* Debug */ = {
			isa = XCBuildConfiguration;
			buildSettings = {
				ASSETCATALOG_COMPILER_APPICON_NAME = AppIcon;
				INFOPLIST_FILE = "oop-exercise/Info.plist";
				LD_RUNPATH_SEARCH_PATHS = "$(inherited) @executable_path/Frameworks";
				PRODUCT_BUNDLE_IDENTIFIER = "Whitaker.Anthony.oop-exercise";
				PRODUCT_NAME = "$(TARGET_NAME)";
			};
			name = Debug;
		};
		92E5DB661D38450F00DB3E4E /* Release */ = {
			isa = XCBuildConfiguration;
			buildSettings = {
				ASSETCATALOG_COMPILER_APPICON_NAME = AppIcon;
				INFOPLIST_FILE = "oop-exercise/Info.plist";
				LD_RUNPATH_SEARCH_PATHS = "$(inherited) @executable_path/Frameworks";
				PRODUCT_BUNDLE_IDENTIFIER = "Whitaker.Anthony.oop-exercise";
				PRODUCT_NAME = "$(TARGET_NAME)";
			};
			name = Release;
		};
/* End XCBuildConfiguration section */

/* Begin XCConfigurationList section */
		92E5DB4D1D38450F00DB3E4E /* Build configuration list for PBXProject "oop-exercise" */ = {
			isa = XCConfigurationList;
			buildConfigurations = (
				92E5DB621D38450F00DB3E4E /* Debug */,
				92E5DB631D38450F00DB3E4E /* Release */,
			);
			defaultConfigurationIsVisible = 0;
			defaultConfigurationName = Release;
		};
		92E5DB641D38450F00DB3E4E /* Build configuration list for PBXNativeTarget "oop-exercise" */ = {
			isa = XCConfigurationList;
			buildConfigurations = (
				92E5DB651D38450F00DB3E4E /* Debug */,
				92E5DB661D38450F00DB3E4E /* Release */,
			);
			defaultConfigurationIsVisible = 0;
		};
/* End XCConfigurationList section */
	};
	rootObject = 92E5DB4A1D38450F00DB3E4E /* Project object */;
}
